
Microsoft Visual Studio Solution File, Format Version 12.00
Project("{FAE04EC0-301F-11D3-BF4B-00C04F79EFBC}") = "ProductAPI", "ProductAPI.csproj", "{48682B74-D7D0-4B30-9FA3-EBC5633FD676}"
EndProject
Global
	GlobalSection(SolutionConfigurationPlatforms) = preSolution
		Debug|Any CPU = Debug|Any CPU
		Release|Any CPU = Release|Any CPU
	EndGlobalSection
	GlobalSection(ProjectConfigurationPlatforms) = postSolution
		{48682B74-D7D0-4B30-9FA3-EBC5633FD676}.Debug|Any CPU.ActiveCfg = Debug|Any CPU
		{48682B74-D7D0-4B30-9FA3-EBC5633FD676}.Debug|Any CPU.Build.0 = Debug|Any CPU
		{48682B74-D7D0-4B30-9FA3-EBC5633FD676}.Release|Any CPU.ActiveCfg = Release|Any CPU
		{48682B74-D7D0-4B30-9FA3-EBC5633FD676}.Release|Any CPU.Build.0 = Release|Any CPU
	EndGlobalSection
EndGlobal
